
Microsoft Visual Studio Solution File, Format Version 12.00
# Visual Studio 2013
VisualStudioVersion = 12.0.30501.0
MinimumVisualStudioVersion = 10.0.40219.1
Project("{FAE04EC0-301F-11D3-BF4B-00C04F79EFBC}") = "Demo_NTP", "Demo-NTP\Demo_NTP\Demo_NTP.csproj", "{BBE7941A-6C3D-4DD1-ADC8-446688368177}"
EndProject
Project("{FAE04EC0-301F-11D3-BF4B-00C04F79EFBC}") = "Demo_NTP.iOS", "Demo-NTP\Demo_NTP.iOS\Demo_NTP.iOS.csproj", "{77D70882-D949-4854-B9C8-95D3D5A67B63}"
EndProject
Project("{FAE04EC0-301F-11D3-BF4B-00C04F79EFBC}") = "Demo_NTP.Droid", "Demo-NTP\Demo_NTP.Droid\Demo_NTP.Droid.csproj", "{8AB59630-3D5A-4F1F-B6F1-DD023AEA0993}"
EndProject
Project("{FAE04EC0-301F-11D3-BF4B-00C04F79EFBC}") = "Demo_NTP.WinPhone", "Demo-NTP\Demo_NTP.WinPhone\Demo_NTP.WinPhone.csproj", "{1431E802-812F-4BE8-9955-7F8A3F90668D}"
EndProject
Global
	GlobalSection(SolutionConfigurationPlatforms) = preSolution
		Ad-Hoc|Any CPU = Ad-Hoc|Any CPU
		Ad-Hoc|ARM = Ad-Hoc|ARM
		Ad-Hoc|iPhone = Ad-Hoc|iPhone
		Ad-Hoc|iPhoneSimulator = Ad-Hoc|iPhoneSimulator
		Ad-Hoc|Mixed Platforms = Ad-Hoc|Mixed Platforms
		Ad-Hoc|x86 = Ad-Hoc|x86
		AppStore|Any CPU = AppStore|Any CPU
		AppStore|ARM = AppStore|ARM
		AppStore|iPhone = AppStore|iPhone
		AppStore|iPhoneSimulator = AppStore|iPhoneSimulator
		AppStore|Mixed Platforms = AppStore|Mixed Platforms
		AppStore|x86 = AppStore|x86
		Debug|Any CPU = Debug|Any CPU
		Debug|ARM = Debug|ARM
		Debug|iPhone = Debug|iPhone
		Debug|iPhoneSimulator = Debug|iPhoneSimulator
		Debug|Mixed Platforms = Debug|Mixed Platforms
		Debug|x86 = Debug|x86
		Release|Any CPU = Release|Any CPU
		Release|ARM = Release|ARM
		Release|iPhone = Release|iPhone
		Release|iPhoneSimulator = Release|iPhoneSimulator
		Release|Mixed Platforms = Release|Mixed Platforms
		Release|x86 = Release|x86
	EndGlobalSection
	GlobalSection(ProjectConfigurationPlatforms) = postSolution
		{BBE7941A-6C3D-4DD1-ADC8-446688368177}.Ad-Hoc|Any CPU.ActiveCfg = Release|Any CPU
		{BBE7941A-6C3D-4DD1-ADC8-446688368177}.Ad-Hoc|Any CPU.Build.0 = Release|Any CPU
		{BBE7941A-6C3D-4DD1-ADC8-446688368177}.Ad-Hoc|ARM.ActiveCfg = Release|Any CPU
		{BBE7941A-6C3D-4DD1-ADC8-446688368177}.Ad-Hoc|iPhone.ActiveCfg = Release|Any CPU
		{BBE7941A-6C3D-4DD1-ADC8-446688368177}.Ad-Hoc|iPhoneSimulator.ActiveCfg = Release|Any CPU
		{BBE7941A-6C3D-4DD1-ADC8-446688368177}.Ad-Hoc|Mixed Platforms.ActiveCfg = Release|Any CPU
		{BBE7941A-6C3D-4DD1-ADC8-446688368177}.Ad-Hoc|Mixed Platforms.Build.0 = Release|Any CPU
		{BBE7941A-6C3D-4DD1-ADC8-446688368177}.Ad-Hoc|x86.ActiveCfg = Release|Any CPU
		{BBE7941A-6C3D-4DD1-ADC8-446688368177}.AppStore|Any CPU.ActiveCfg = Release|Any CPU
		{BBE7941A-6C3D-4DD1-ADC8-446688368177}.AppStore|Any CPU.Build.0 = Release|Any CPU
		{BBE7941A-6C3D-4DD1-ADC8-446688368177}.AppStore|ARM.ActiveCfg = Release|Any CPU
		{BBE7941A-6C3D-4DD1-ADC8-446688368177}.AppStore|iPhone.ActiveCfg = Release|Any CPU
		{BBE7941A-6C3D-4DD1-ADC8-446688368177}.AppStore|iPhoneSimulator.ActiveCfg = Release|Any CPU
		{BBE7941A-6C3D-4DD1-ADC8-446688368177}.AppStore|Mixed Platforms.ActiveCfg = Release|Any CPU
		{BBE7941A-6C3D-4DD1-ADC8-446688368177}.AppStore|Mixed Platforms.Build.0 = Release|Any CPU
		{BBE7941A-6C3D-4DD1-ADC8-446688368177}.AppStore|x86.ActiveCfg = Release|Any CPU
		{BBE7941A-6C3D-4DD1-ADC8-446688368177}.Debug|Any CPU.ActiveCfg = Debug|Any CPU
		{BBE7941A-6C3D-4DD1-ADC8-446688368177}.Debug|Any CPU.Build.0 = Debug|Any CPU
		{BBE7941A-6C3D-4DD1-ADC8-446688368177}.Debug|ARM.ActiveCfg = Debug|Any CPU
		{BBE7941A-6C3D-4DD1-ADC8-446688368177}.Debug|iPhone.ActiveCfg = Debug|Any CPU
		{BBE7941A-6C3D-4DD1-ADC8-446688368177}.Debug|iPhone.Build.0 = Debug|Any CPU
		{BBE7941A-6C3D-4DD1-ADC8-446688368177}.Debug|iPhoneSimulator.ActiveCfg = Debug|Any CPU
		{BBE7941A-6C3D-4DD1-ADC8-446688368177}.Debug|iPhoneSimulator.Build.0 = Debug|Any CPU
		{BBE7941A-6C3D-4DD1-ADC8-446688368177}.Debug|Mixed Platforms.ActiveCfg = Debug|Any CPU
		{BBE7941A-6C3D-4DD1-ADC8-446688368177}.Debug|Mixed Platforms.Build.0 = Debug|Any CPU
		{BBE7941A-6C3D-4DD1-ADC8-446688368177}.Debug|x86.ActiveCfg = Debug|Any CPU
		{BBE7941A-6C3D-4DD1-ADC8-446688368177}.Release|Any CPU.ActiveCfg = Release|Any CPU
		{BBE7941A-6C3D-4DD1-ADC8-446688368177}.Release|Any CPU.Build.0 = Release|Any CPU
		{BBE7941A-6C3D-4DD1-ADC8-446688368177}.Release|ARM.ActiveCfg = Release|Any CPU
		{BBE7941A-6C3D-4DD1-ADC8-446688368177}.Release|iPhone.ActiveCfg = Release|Any CPU
		{BBE7941A-6C3D-4DD1-ADC8-446688368177}.Release|iPhoneSimulator.ActiveCfg = Release|Any CPU
		{BBE7941A-6C3D-4DD1-ADC8-446688368177}.Release|Mixed Platforms.ActiveCfg = Release|Any CPU
		{BBE7941A-6C3D-4DD1-ADC8-446688368177}.Release|Mixed Platforms.Build.0 = Release|Any CPU
		{BBE7941A-6C3D-4DD1-ADC8-446688368177}.Release|x86.ActiveCfg = Release|Any CPU
		{77D70882-D949-4854-B9C8-95D3D5A67B63}.Ad-Hoc|Any CPU.ActiveCfg = Ad-Hoc|iPhone
		{77D70882-D949-4854-B9C8-95D3D5A67B63}.Ad-Hoc|ARM.ActiveCfg = Ad-Hoc|iPhone
		{77D70882-D949-4854-B9C8-95D3D5A67B63}.Ad-Hoc|iPhone.ActiveCfg = Ad-Hoc|iPhone
		{77D70882-D949-4854-B9C8-95D3D5A67B63}.Ad-Hoc|iPhone.Build.0 = Ad-Hoc|iPhone
		{77D70882-D949-4854-B9C8-95D3D5A67B63}.Ad-Hoc|iPhoneSimulator.ActiveCfg = Ad-Hoc|iPhoneSimulator
		{77D70882-D949-4854-B9C8-95D3D5A67B63}.Ad-Hoc|iPhoneSimulator.Build.0 = Ad-Hoc|iPhoneSimulator
		{77D70882-D949-4854-B9C8-95D3D5A67B63}.Ad-Hoc|Mixed Platforms.ActiveCfg = Ad-Hoc|iPhone
		{77D70882-D949-4854-B9C8-95D3D5A67B63}.Ad-Hoc|Mixed Platforms.Build.0 = Ad-Hoc|iPhone
		{77D70882-D949-4854-B9C8-95D3D5A67B63}.Ad-Hoc|x86.ActiveCfg = Ad-Hoc|iPhone
		{77D70882-D949-4854-B9C8-95D3D5A67B63}.AppStore|Any CPU.ActiveCfg = AppStore|iPhone
		{77D70882-D949-4854-B9C8-95D3D5A67B63}.AppStore|ARM.ActiveCfg = AppStore|iPhone
		{77D70882-D949-4854-B9C8-95D3D5A67B63}.AppStore|iPhone.ActiveCfg = AppStore|iPhone
		{77D70882-D949-4854-B9C8-95D3D5A67B63}.AppStore|iPhone.Build.0 = AppStore|iPhone
		{77D70882-D949-4854-B9C8-95D3D5A67B63}.AppStore|iPhoneSimulator.ActiveCfg = AppStore|iPhoneSimulator
		{77D70882-D949-4854-B9C8-95D3D5A67B63}.AppStore|iPhoneSimulator.Build.0 = AppStore|iPhoneSimulator
		{77D70882-D949-4854-B9C8-95D3D5A67B63}.AppStore|Mixed Platforms.ActiveCfg = AppStore|iPhone
		{77D70882-D949-4854-B9C8-95D3D5A67B63}.AppStore|Mixed Platforms.Build.0 = AppStore|iPhone
		{77D70882-D949-4854-B9C8-95D3D5A67B63}.AppStore|x86.ActiveCfg = AppStore|iPhone
		{77D70882-D949-4854-B9C8-95D3D5A67B63}.Debug|Any CPU.ActiveCfg = Debug|iPhone
		{77D70882-D949-4854-B9C8-95D3D5A67B63}.Debug|ARM.ActiveCfg = Debug|iPhone
		{77D70882-D949-4854-B9C8-95D3D5A67B63}.Debug|iPhone.ActiveCfg = Debug|iPhone
		{77D70882-D949-4854-B9C8-95D3D5A67B63}.Debug|iPhone.Build.0 = Debug|iPhone
		{77D70882-D949-4854-B9C8-95D3D5A67B63}.Debug|iPhoneSimulator.ActiveCfg = Debug|iPhoneSimulator
		{77D70882-D949-4854-B9C8-95D3D5A67B63}.Debug|iPhoneSimulator.Build.0 = Debug|iPhoneSimulator
		{77D70882-D949-4854-B9C8-95D3D5A67B63}.Debug|Mixed Platforms.ActiveCfg = Debug|iPhone
		{77D70882-D949-4854-B9C8-95D3D5A67B63}.Debug|Mixed Platforms.Build.0 = Debug|iPhone
		{77D70882-D949-4854-B9C8-95D3D5A67B63}.Debug|x86.ActiveCfg = Debug|iPhone
		{77D70882-D949-4854-B9C8-95D3D5A67B63}.Release|Any CPU.ActiveCfg = Release|iPhone
		{77D70882-D949-4854-B9C8-95D3D5A67B63}.Release|ARM.ActiveCfg = Release|iPhone
		{77D70882-D949-4854-B9C8-95D3D5A67B63}.Release|iPhone.ActiveCfg = Release|iPhone
		{77D70882-D949-4854-B9C8-95D3D5A67B63}.Release|iPhone.Build.0 = Release|iPhone
		{77D70882-D949-4854-B9C8-95D3D5A67B63}.Release|iPhoneSimulator.ActiveCfg = Release|iPhoneSimulator
		{77D70882-D949-4854-B9C8-95D3D5A67B63}.Release|iPhoneSimulator.Build.0 = Release|iPhoneSimulator
		{77D70882-D949-4854-B9C8-95D3D5A67B63}.Release|Mixed Platforms.ActiveCfg = Release|iPhone
		{77D70882-D949-4854-B9C8-95D3D5A67B63}.Release|Mixed Platforms.Build.0 = Release|iPhone
		{77D70882-D949-4854-B9C8-95D3D5A67B63}.Release|x86.ActiveCfg = Release|iPhone
		{8AB59630-3D5A-4F1F-B6F1-DD023AEA0993}.Ad-Hoc|Any CPU.ActiveCfg = Release|Any CPU
		{8AB59630-3D5A-4F1F-B6F1-DD023AEA0993}.Ad-Hoc|Any CPU.Build.0 = Release|Any CPU
		{8AB59630-3D5A-4F1F-B6F1-DD023AEA0993}.Ad-Hoc|Any CPU.Deploy.0 = Release|Any CPU
		{8AB59630-3D5A-4F1F-B6F1-DD023AEA0993}.Ad-Hoc|ARM.ActiveCfg = Release|Any CPU
		{8AB59630-3D5A-4F1F-B6F1-DD023AEA0993}.Ad-Hoc|iPhone.ActiveCfg = Release|Any CPU
		{8AB59630-3D5A-4F1F-B6F1-DD023AEA0993}.Ad-Hoc|iPhoneSimulator.ActiveCfg = Release|Any CPU
		{8AB59630-3D5A-4F1F-B6F1-DD023AEA0993}.Ad-Hoc|Mixed Platforms.ActiveCfg = Release|Any CPU
		{8AB59630-3D5A-4F1F-B6F1-DD023AEA0993}.Ad-Hoc|Mixed Platforms.Build.0 = Release|Any CPU
		{8AB59630-3D5A-4F1F-B6F1-DD023AEA0993}.Ad-Hoc|Mixed Platforms.Deploy.0 = Release|Any CPU
		{8AB59630-3D5A-4F1F-B6F1-DD023AEA0993}.Ad-Hoc|x86.ActiveCfg = Release|Any CPU
		{8AB59630-3D5A-4F1F-B6F1-DD023AEA0993}.AppStore|Any CPU.ActiveCfg = Release|Any CPU
		{8AB59630-3D5A-4F1F-B6F1-DD023AEA0993}.AppStore|Any CPU.Build.0 = Release|Any CPU
		{8AB59630-3D5A-4F1F-B6F1-DD023AEA0993}.AppStore|Any CPU.Deploy.0 = Release|Any CPU
		{8AB59630-3D5A-4F1F-B6F1-DD023AEA0993}.AppStore|ARM.ActiveCfg = Release|Any CPU
		{8AB59630-3D5A-4F1F-B6F1-DD023AEA0993}.AppStore|iPhone.ActiveCfg = Release|Any CPU
		{8AB59630-3D5A-4F1F-B6F1-DD023AEA0993}.AppStore|iPhoneSimulator.ActiveCfg = Release|Any CPU
		{8AB59630-3D5A-4F1F-B6F1-DD023AEA0993}.AppStore|Mixed Platforms.ActiveCfg = Release|Any CPU
		{8AB59630-3D5A-4F1F-B6F1-DD023AEA0993}.AppStore|Mixed Platforms.Build.0 = Release|Any CPU
		{8AB59630-3D5A-4F1F-B6F1-DD023AEA0993}.AppStore|Mixed Platforms.Deploy.0 = Release|Any CPU
		{8AB59630-3D5A-4F1F-B6F1-DD023AEA0993}.AppStore|x86.ActiveCfg = Release|Any CPU
		{8AB59630-3D5A-4F1F-B6F1-DD023AEA0993}.Debug|Any CPU.ActiveCfg = Debug|Any CPU
		{8AB59630-3D5A-4F1F-B6F1-DD023AEA0993}.Debug|Any CPU.Build.0 = Debug|Any CPU
		{8AB59630-3D5A-4F1F-B6F1-DD023AEA0993}.Debug|Any CPU.Deploy.0 = Debug|Any CPU
		{8AB59630-3D5A-4F1F-B6F1-DD023AEA0993}.Debug|ARM.ActiveCfg = Debug|Any CPU
		{8AB59630-3D5A-4F1F-B6F1-DD023AEA0993}.Debug|iPhone.ActiveCfg = Debug|Any CPU
		{8AB59630-3D5A-4F1F-B6F1-DD023AEA0993}.Debug|iPhoneSimulator.ActiveCfg = Debug|Any CPU
		{8AB59630-3D5A-4F1F-B6F1-DD023AEA0993}.Debug|Mixed Platforms.ActiveCfg = Debug|Any CPU
		{8AB59630-3D5A-4F1F-B6F1-DD023AEA0993}.Debug|Mixed Platforms.Build.0 = Debug|Any CPU
		{8AB59630-3D5A-4F1F-B6F1-DD023AEA0993}.Debug|Mixed Platforms.Deploy.0 = Debug|Any CPU
		{8AB59630-3D5A-4F1F-B6F1-DD023AEA0993}.Debug|x86.ActiveCfg = Debug|Any CPU
		{8AB59630-3D5A-4F1F-B6F1-DD023AEA0993}.Release|Any CPU.ActiveCfg = Release|Any CPU
		{8AB59630-3D5A-4F1F-B6F1-DD023AEA0993}.Release|Any CPU.Build.0 = Release|Any CPU
		{8AB59630-3D5A-4F1F-B6F1-DD023AEA0993}.Release|Any CPU.Deploy.0 = Release|Any CPU
		{8AB59630-3D5A-4F1F-B6F1-DD023AEA0993}.Release|ARM.ActiveCfg = Release|Any CPU
		{8AB59630-3D5A-4F1F-B6F1-DD023AEA0993}.Release|iPhone.ActiveCfg = Release|Any CPU
		{8AB59630-3D5A-4F1F-B6F1-DD023AEA0993}.Release|iPhoneSimulator.ActiveCfg = Release|Any CPU
		{8AB59630-3D5A-4F1F-B6F1-DD023AEA0993}.Release|Mixed Platforms.ActiveCfg = Release|Any CPU
		{8AB59630-3D5A-4F1F-B6F1-DD023AEA0993}.Release|Mixed Platforms.Build.0 = Release|Any CPU
		{8AB59630-3D5A-4F1F-B6F1-DD023AEA0993}.Release|Mixed Platforms.Deploy.0 = Release|Any CPU
		{8AB59630-3D5A-4F1F-B6F1-DD023AEA0993}.Release|x86.ActiveCfg = Release|Any CPU
		{1431E802-812F-4BE8-9955-7F8A3F90668D}.Ad-Hoc|Any CPU.ActiveCfg = Release|Any CPU
		{1431E802-812F-4BE8-9955-7F8A3F90668D}.Ad-Hoc|Any CPU.Build.0 = Release|Any CPU
		{1431E802-812F-4BE8-9955-7F8A3F90668D}.Ad-Hoc|Any CPU.Deploy.0 = Release|Any CPU
		{1431E802-812F-4BE8-9955-7F8A3F90668D}.Ad-Hoc|ARM.ActiveCfg = Release|ARM
		{1431E802-812F-4BE8-9955-7F8A3F90668D}.Ad-Hoc|ARM.Build.0 = Release|ARM
		{1431E802-812F-4BE8-9955-7F8A3F90668D}.Ad-Hoc|ARM.Deploy.0 = Release|ARM
		{1431E802-812F-4BE8-9955-7F8A3F90668D}.Ad-Hoc|iPhone.ActiveCfg = Release|Any CPU
		{1431E802-812F-4BE8-9955-7F8A3F90668D}.Ad-Hoc|iPhoneSimulator.ActiveCfg = Release|Any CPU
		{1431E802-812F-4BE8-9955-7F8A3F90668D}.Ad-Hoc|Mixed Platforms.ActiveCfg = Release|x86
		{1431E802-812F-4BE8-9955-7F8A3F90668D}.Ad-Hoc|Mixed Platforms.Build.0 = Release|x86
		{1431E802-812F-4BE8-9955-7F8A3F90668D}.Ad-Hoc|Mixed Platforms.Deploy.0 = Release|x86
		{1431E802-812F-4BE8-9955-7F8A3F90668D}.Ad-Hoc|x86.ActiveCfg = Release|x86
		{1431E802-812F-4BE8-9955-7F8A3F90668D}.Ad-Hoc|x86.Build.0 = Release|x86
		{1431E802-812F-4BE8-9955-7F8A3F90668D}.Ad-Hoc|x86.Deploy.0 = Release|x86
		{1431E802-812F-4BE8-9955-7F8A3F90668D}.AppStore|Any CPU.ActiveCfg = Release|Any CPU
		{1431E802-812F-4BE8-9955-7F8A3F90668D}.AppStore|Any CPU.Build.0 = Release|Any CPU
		{1431E802-812F-4BE8-9955-7F8A3F90668D}.AppStore|Any CPU.Deploy.0 = Release|Any CPU
		{1431E802-812F-4BE8-9955-7F8A3F90668D}.AppStore|ARM.ActiveCfg = Release|ARM
		{1431E802-812F-4BE8-9955-7F8A3F90668D}.AppStore|ARM.Build.0 = Release|ARM
		{1431E802-812F-4BE8-9955-7F8A3F90668D}.AppStore|ARM.Deploy.0 = Release|ARM
		{1431E802-812F-4BE8-9955-7F8A3F90668D}.AppStore|iPhone.ActiveCfg = Release|Any CPU
		{1431E802-812F-4BE8-9955-7F8A3F90668D}.AppStore|iPhoneSimulator.ActiveCfg = Release|Any CPU
		{1431E802-812F-4BE8-9955-7F8A3F90668D}.AppStore|Mixed Platforms.ActiveCfg = Release|x86
		{1431E802-812F-4BE8-9955-7F8A3F90668D}.AppStore|Mixed Platforms.Build.0 = Release|x86
		{1431E802-812F-4BE8-9955-7F8A3F90668D}.AppStore|Mixed Platforms.Deploy.0 = Release|x86
		{1431E802-812F-4BE8-9955-7F8A3F90668D}.AppStore|x86.ActiveCfg = Release|x86
		{1431E802-812F-4BE8-9955-7F8A3F90668D}.AppStore|x86.Build.0 = Release|x86
		{1431E802-812F-4BE8-9955-7F8A3F90668D}.AppStore|x86.Deploy.0 = Release|x86
		{1431E802-812F-4BE8-9955-7F8A3F90668D}.Debug|Any CPU.ActiveCfg = Debug|Any CPU
		{1431E802-812F-4BE8-9955-7F8A3F90668D}.Debug|Any CPU.Build.0 = Debug|Any CPU
		{1431E802-812F-4BE8-9955-7F8A3F90668D}.Debug|Any CPU.Deploy.0 = Debug|Any CPU
		{1431E802-812F-4BE8-9955-7F8A3F90668D}.Debug|ARM.ActiveCfg = Debug|ARM
		{1431E802-812F-4BE8-9955-7F8A3F90668D}.Debug|ARM.Build.0 = Debug|ARM
		{1431E802-812F-4BE8-9955-7F8A3F90668D}.Debug|ARM.Deploy.0 = Debug|ARM
		{1431E802-812F-4BE8-9955-7F8A3F90668D}.Debug|iPhone.ActiveCfg = Debug|Any CPU
		{1431E802-812F-4BE8-9955-7F8A3F90668D}.Debug|iPhoneSimulator.ActiveCfg = Debug|Any CPU
		{1431E802-812F-4BE8-9955-7F8A3F90668D}.Debug|Mixed Platforms.ActiveCfg = Debug|x86
		{1431E802-812F-4BE8-9955-7F8A3F90668D}.Debug|Mixed Platforms.Build.0 = Debug|x86
		{1431E802-812F-4BE8-9955-7F8A3F90668D}.Debug|Mixed Platforms.Deploy.0 = Debug|x86
		{1431E802-812F-4BE8-9955-7F8A3F90668D}.Debug|x86.ActiveCfg = Debug|x86
		{1431E802-812F-4BE8-9955-7F8A3F90668D}.Debug|x86.Build.0 = Debug|x86
		{1431E802-812F-4BE8-9955-7F8A3F90668D}.Debug|x86.Deploy.0 = Debug|x86
		{1431E802-812F-4BE8-9955-7F8A3F90668D}.Release|Any CPU.ActiveCfg = Release|Any CPU
		{1431E802-812F-4BE8-9955-7F8A3F90668D}.Release|Any CPU.Build.0 = Release|Any CPU
		{1431E802-812F-4BE8-9955-7F8A3F90668D}.Release|Any CPU.Deploy.0 = Release|Any CPU
		{1431E802-812F-4BE8-9955-7F8A3F90668D}.Release|ARM.ActiveCfg = Release|ARM
		{1431E802-812F-4BE8-9955-7F8A3F90668D}.Release|ARM.Build.0 = Release|ARM
		{1431E802-812F-4BE8-9955-7F8A3F90668D}.Release|ARM.Deploy.0 = Release|ARM
		{1431E802-812F-4BE8-9955-7F8A3F90668D}.Release|iPhone.ActiveCfg = Release|Any CPU
		{1431E802-812F-4BE8-9955-7F8A3F90668D}.Release|iPhoneSimulator.ActiveCfg = Release|Any CPU
		{1431E802-812F-4BE8-9955-7F8A3F90668D}.Release|Mixed Platforms.ActiveCfg = Release|x86
		{1431E802-812F-4BE8-9955-7F8A3F90668D}.Release|Mixed Platforms.Build.0 = Release|x86
		{1431E802-812F-4BE8-9955-7F8A3F90668D}.Release|Mixed Platforms.Deploy.0 = Release|x86
		{1431E802-812F-4BE8-9955-7F8A3F90668D}.Release|x86.ActiveCfg = Release|x86
		{1431E802-812F-4BE8-9955-7F8A3F90668D}.Release|x86.Build.0 = Release|x86
		{1431E802-812F-4BE8-9955-7F8A3F90668D}.Release|x86.Deploy.0 = Release|x86
	EndGlobalSection
	GlobalSection(SolutionProperties) = preSolution
		HideSolutionNode = FALSE
	EndGlobalSection
EndGlobal
